Microsoft Visual Studio Solution File, Format Version 12.00
# Visual Studio 15
VisualStudioVersion = 15.0.27130.2024
MinimumVisualStudioVersion = 10.0.40219.1
Project("{9A19103F-16F7-4668-BE54-9A1E7A4F7556}") = "Gf.SnTool.Cli", "Gf.SnTool.Cli\Gf.SnTool.Cli.csproj", "{C855154F-970F-4556-B33F-D074FC49A979}"
EndProject
Project("{FAE04EC0-301F-11D3-BF4B-00C04F79EFBC}") = "Gf.SnTool.Cli.Test", "Ge.SnTool.Cli.Test\Gf.SnTool.Cli.Test.csproj", "{69F44DB2-0F8E-4F48-A938-79E1FD18497F}"
EndProject
Global
	GlobalSection(SolutionConfigurationPlatforms) = preSolution
		Debug|Any CPU = Debug|Any CPU
		Release|Any CPU = Release|Any CPU
	EndGlobalSection
	GlobalSection(ProjectConfigurationPlatforms) = postSolution
		{C855154F-970F-4556-B33F-D074FC49A979}.Debug|Any CPU.ActiveCfg = Debug|Any CPU
		{C855154F-970F-4556-B33F-D074FC49A979}.Debug|Any CPU.Build.0 = Debug|Any CPU
		{C855154F-970F-4556-B33F-D074FC49A979}.Release|Any CPU.ActiveCfg = Release|Any CPU
		{C855154F-970F-4556-B33F-D074FC49A979}.Release|Any CPU.Build.0 = Release|Any CPU
		{69F44DB2-0F8E-4F48-A938-79E1FD18497F}.Debug|Any CPU.ActiveCfg = Debug|Any CPU
		{69F44DB2-0F8E-4F48-A938-79E1FD18497F}.Debug|Any CPU.Build.0 = Debug|Any CPU
		{69F44DB2-0F8E-4F48-A938-79E1FD18497F}.Release|Any CPU.ActiveCfg = Release|Any CPU
		{69F44DB2-0F8E-4F48-A938-79E1FD18497F}.Release|Any CPU.Build.0 = Release|Any CPU
	EndGlobalSection
	GlobalSection(SolutionProperties) = preSolution
		HideSolutionNode = FALSE
	EndGlobalSection
	GlobalSection(ExtensibilityGlobals) = postSolution
		SolutionGuid = {BE398083-3874-4C94-A0F8-7359B33FD588}
	EndGlobalSection
EndGlobal
